
Microsoft Visual Studio Solution File, Format Version 12.00
# Visual Studio Version 17
VisualStudioVersion = 17.14.36408.4
MinimumVisualStudioVersion = 10.0.40219.1
Project("{FAE04EC0-301F-11D3-BF4B-00C04F79EFBC}") = "PDFReader", "PDFReader\PDFReader.csproj", "{0E37701F-E5F2-430C-A14A-3D63B2E389FD}"
EndProject
Global
	GlobalSection(SolutionConfigurationPlatforms) = preSolution
		Debug|Any CPU = Debug|Any CPU
		Release|Any CPU = Release|Any CPU
	EndGlobalSection
	GlobalSection(ProjectConfigurationPlatforms) = postSolution
		{0E37701F-E5F2-430C-A14A-3D63B2E389FD}.Debug|Any CPU.ActiveCfg = Debug|Any CPU
		{0E37701F-E5F2-430C-A14A-3D63B2E389FD}.Debug|Any CPU.Build.0 = Debug|Any CPU
		{0E37701F-E5F2-430C-A14A-3D63B2E389FD}.Release|Any CPU.ActiveCfg = Release|Any CPU
		{0E37701F-E5F2-430C-A14A-3D63B2E389FD}.Release|Any CPU.Build.0 = Release|Any CPU
	EndGlobalSection
	GlobalSection(SolutionProperties) = preSolution
		HideSolutionNode = FALSE
	EndGlobalSection
	GlobalSection(ExtensibilityGlobals) = postSolution
		SolutionGuid = {23DC688D-1222-4F0F-ADC9-442125CF5D0E}
	EndGlobalSection
EndGlobal
